<?xml version="1.0" encoding="utf-8"?>
<Project ToolsVersion="12.0" xmlns="http://schemas.microsoft.com/developer/msbuild/2003">
  <ItemGroup>
    <ApplicationDefinition Include="$(MSBuildThisFileDirectory)App.xaml" />
  </ItemGroup>
  <ItemGroup>
    <ClCompile Include="$(MSBuildThisFileDirectory)App.xaml.cpp" />
    <ClCompile Include="$(MSBuildThisFileDirectory)pch.cpp" />
  </ItemGroup>
  <ItemGroup>
    <ClCompile Include="$(MSBuildThisFileDirectory)Common\NavigationHelper.cpp">
      <Filter>Common</Filter>
    </ClCompile>
    <ClCompile Include="$(MSBuildThisFileDirectory)Common\RelayCommand.cpp">
      <Filter>Common</Filter>
    </ClCompile>
    <ClCompile Include="$(MSBuildThisFileDirectory)Common\SuspensionManager.cpp">
      <Filter>Common</Filter>
    </ClCompile>
  </ItemGroup>
  <ItemGroup>
    <ClCompile Include="$(MSBuildThisFileDirectory)DataModel\SampleDataSource.cpp">
      <Filter>DataModel</Filter>
    </ClCompile>
  </ItemGroup>
  <ItemGroup>
    <ClInclude Include="$(MSBuildThisFileDirectory)App.xaml.h" />
    <ClInclude Include="$(MSBuildThisFileDirectory)pch.h" />
  </ItemGroup>
  <ItemGroup>
    <ClInclude Include="$(MSBuildThisFileDirectory)Common\NavigationHelper.h">
      <Filter>Common</Filter>
    </ClInclude>
    <ClInclude Include="$(MSBuildThisFileDirectory)Common\RelayCommand.h">
      <Filter>Common</Filter>
    </ClInclude>
    <ClInclude Include="$(MSBuildThisFileDirectory)Common\SuspensionManager.h">
      <Filter>Common</Filter>
    </ClInclude>
  </ItemGroup>
  <ItemGroup>
    <ClInclude Include="$(MSBuildThisFileDirectory)DataModel\SampleDataSource.h">
      <Filter>DataModel</Filter>
    </ClInclude>
  </ItemGroup>
  <ItemGroup>
    <Image Include="$(MSBuildThisFileDirectory)Assets\DarkGray.png">
      <Filter>Assets</Filter>
    </Image>
    <Image Include="$(MSBuildThisFileDirectory)Assets\LightGray.png">
      <Filter>Assets</Filter>
    </Image>
    <Image Include="$(MSBuildThisFileDirectory)Assets\MediumGray.png">
      <Filter>Assets</Filter>
    </Image>
  </ItemGroup>
  <ItemGroup>
    <Text Include="$(MSBuildThisFileDirectory)DataModel\SampleData.json">
      <Filter>DataModel</Filter>
    </Text>
  </ItemGroup>
  <ItemGroup>
    <PRIResource Include="$(MSBuildThisFileDirectory)Strings\fr-FR\Resources.resw">
      <Filter>Strings\fr-FR</Filter>
    </PRIResource>
  </ItemGroup>
  <ItemGroup>
    <Filter Include="Assets">
      <UniqueIdentifier>{917d407a-1cb2-45cd-afe3-60db174b9956}</UniqueIdentifier>
      <Extensions>bmp;fbx;gif;jpg;jpeg;tga;tiff;tif;png</Extensions>
    </Filter>
    <Filter Include="Strings">
      <UniqueIdentifier>{f12cade2-1e4e-42b0-b516-5bd1d7fc1d0b}</UniqueIdentifier>
    </Filter>
    <Filter Include="Strings\fr-FR">
      <UniqueIdentifier>{353c92e8-9578-4cd7-be96-efede2d0ab42}</UniqueIdentifier>
    </Filter>
    <Filter Include="DataModel">
      <UniqueIdentifier>{1faec0ff-4668-4c13-bc82-002ea70fc2a3}</UniqueIdentifier>
    </Filter>
    <Filter Include="Common">
      <UniqueIdentifier>{67b0a4ba-e966-4494-a40f-367fd383f024}</UniqueIdentifier>
    </Filter>
  </ItemGroup>
</Project>